
Microsoft Visual Studio Solution File, Format Version 12.00
# Visual Studio Version 16
VisualStudioVersion = 16.0.31515.178
MinimumVisualStudioVersion = 10.0.40219.1
Project("{FAE04EC0-301F-11D3-BF4B-00C04F79EFBC}") = "ImageShuffle", "ImageShuffle\ImageShuffle.csproj", "{AE88A80F-DE17-434C-8A05-95518125DB6D}"
EndProject
Global
	GlobalSection(SolutionConfigurationPlatforms) = preSolution
		Debug|Any CPU = Debug|Any CPU
		Release|Any CPU = Release|Any CPU
	EndGlobalSection
	GlobalSection(ProjectConfigurationPlatforms) = postSolution
		{AE88A80F-DE17-434C-8A05-95518125DB6D}.Debug|Any CPU.ActiveCfg = Debug|Any CPU
		{AE88A80F-DE17-434C-8A05-95518125DB6D}.Debug|Any CPU.Build.0 = Debug|Any CPU
		{AE88A80F-DE17-434C-8A05-95518125DB6D}.Release|Any CPU.ActiveCfg = Release|Any CPU
		{AE88A80F-DE17-434C-8A05-95518125DB6D}.Release|Any CPU.Build.0 = Release|Any CPU
	EndGlobalSection
	GlobalSection(SolutionProperties) = preSolution
		HideSolutionNode = FALSE
	EndGlobalSection
	GlobalSection(ExtensibilityGlobals) = postSolution
		SolutionGuid = {E08471B7-9428-499C-9A68-1D45BC925A7A}
	EndGlobalSection
EndGlobal
